
Microsoft Visual Studio Solution File, Format Version 12.00
# Visual Studio 14
VisualStudioVersion = 14.0.25420.1
MinimumVisualStudioVersion = 10.0.40219.1
Project("{FAE04EC0-301F-11D3-BF4B-00C04F79EFBC}") = "TeamCity.ServiceMessages", "TeamCity.ServiceMessages\TeamCity.ServiceMessages.csproj", "{BCB28CC0-6E8C-4F15-9E7A-E98598AFCEF3}"
EndProject
Project("{FAE04EC0-301F-11D3-BF4B-00C04F79EFBC}") = "TeamCity.ServiceMessages.Tests", "TeamCity.ServiceMessages.Tests\TeamCity.ServiceMessages.Tests.csproj", "{EF2FBABE-8456-474C-9BA1-B76A8C64DFBA}"
EndProject
Global
	GlobalSection(SolutionConfigurationPlatforms) = preSolution
		Debug|Any CPU = Debug|Any CPU
		Release|Any CPU = Release|Any CPU
	EndGlobalSection
	GlobalSection(ProjectConfigurationPlatforms) = postSolution
		{BCB28CC0-6E8C-4F15-9E7A-E98598AFCEF3}.Debug|Any CPU.ActiveCfg = Debug|Any CPU
		{BCB28CC0-6E8C-4F15-9E7A-E98598AFCEF3}.Debug|Any CPU.Build.0 = Debug|Any CPU
		{BCB28CC0-6E8C-4F15-9E7A-E98598AFCEF3}.Release|Any CPU.ActiveCfg = Release|Any CPU
		{BCB28CC0-6E8C-4F15-9E7A-E98598AFCEF3}.Release|Any CPU.Build.0 = Release|Any CPU
		{EF2FBABE-8456-474C-9BA1-B76A8C64DFBA}.Debug|Any CPU.ActiveCfg = Debug|Any CPU
		{EF2FBABE-8456-474C-9BA1-B76A8C64DFBA}.Debug|Any CPU.Build.0 = Debug|Any CPU
		{EF2FBABE-8456-474C-9BA1-B76A8C64DFBA}.Release|Any CPU.ActiveCfg = Release|Any CPU
		{EF2FBABE-8456-474C-9BA1-B76A8C64DFBA}.Release|Any CPU.Build.0 = Release|Any CPU
	EndGlobalSection
	GlobalSection(SolutionProperties) = preSolution
		HideSolutionNode = FALSE
	EndGlobalSection
EndGlobal
